
Microsoft Visual Studio Solution File, Format Version 12.00
# Visual Studio 15
VisualStudioVersion = 15.0.28307.136
MinimumVisualStudioVersion = 10.0.40219.1
Project("{2150E333-8FDC-42A3-9474-1A3956D46DE8}") = "src", "src", "{5F9E2D33-5EFD-4398-A61C-315B838F9A2D}"
EndProject
Project("{FAE04EC0-301F-11D3-BF4B-00C04F79EFBC}") = "MarcelDigital.Umbraco.Bootstrap4FormsTheme", "src\MarcelDigital.Umbraco.Bootstrap4FormsTheme\MarcelDigital.Umbraco.Bootstrap4FormsTheme.csproj", "{E95EDFB5-4F86-4390-88CB-CC967C6F6435}"
EndProject
Project("{2150E333-8FDC-42A3-9474-1A3956D46DE8}") = "build", "build", "{D97ADBEC-AC20-4422-AADA-FEFD155592D6}"
	ProjectSection(SolutionItems) = preProject
		build\package.nuspec = build\package.nuspec
	EndProjectSection
EndProject
Global
	GlobalSection(SolutionConfigurationPlatforms) = preSolution
		Debug|Any CPU = Debug|Any CPU
		Release|Any CPU = Release|Any CPU
	EndGlobalSection
	GlobalSection(ProjectConfigurationPlatforms) = postSolution
		{E95EDFB5-4F86-4390-88CB-CC967C6F6435}.Debug|Any CPU.ActiveCfg = Debug|Any CPU
		{E95EDFB5-4F86-4390-88CB-CC967C6F6435}.Debug|Any CPU.Build.0 = Debug|Any CPU
		{E95EDFB5-4F86-4390-88CB-CC967C6F6435}.Release|Any CPU.ActiveCfg = Release|Any CPU
		{E95EDFB5-4F86-4390-88CB-CC967C6F6435}.Release|Any CPU.Build.0 = Release|Any CPU
	EndGlobalSection
	GlobalSection(SolutionProperties) = preSolution
		HideSolutionNode = FALSE
	EndGlobalSection
	GlobalSection(NestedProjects) = preSolution
		{E95EDFB5-4F86-4390-88CB-CC967C6F6435} = {5F9E2D33-5EFD-4398-A61C-315B838F9A2D}
	EndGlobalSection
	GlobalSection(ExtensibilityGlobals) = postSolution
		SolutionGuid = {FDF39219-9E38-4977-93E6-B594048FF490}
	EndGlobalSection
EndGlobal
